PODS:
  - AlertToast (1.3.9)
  - Kingfisher (7.12.0)
  - MMKV (1.3.9):
    - MMKVCore (~> 1.3.9)
  - MMKVCore (1.3.9)
  - WaterfallGrid (1.1.0)

DEPENDENCIES:
  - AlertToast
  - Kingfisher (~> 7.0)
  - MMKV
  - WaterfallGrid (~> 1.1.0)

SPEC REPOS:
  https://mirrors.tuna.tsinghua.edu.cn/git/CocoaPods/Specs.git:
    - AlertToast
    - Kingfisher
    - MMKV
    - MMKVCore
    - WaterfallGrid

SPEC CHECKSUMS:
  AlertToast: e8db15da727beff75500bcf33a78cd617f408fa1
  Kingfisher: 53a10ea35051a436b5fb626ca2dd8f3144d755e9
  MMKV: 817ba1eea17421547e01e087285606eb270a8dcb
  MMKVCore: af055b00e27d88cd92fad301c5fecd1ff9b26dd9
  WaterfallGrid: 07f6295f13a07b26843808606eda753559a9680d

PODFILE CHECKSUM: 4dc53b96c75fe6aad8fb9c5ce33814a15526a478

COCOAPODS: 1.13.0
