// !$*UTF8*$!
{
	archiveVersion = 1;
	classes = {
	};
	objectVersion = 77;
	objects = {

/* Begin PBXBuildFile section */
		5DD845632CCA1F0100D812C4 /* Preview Assets.xcassets in Resources */ = {isa = PBXBuildFile; fileRef = 5DD845592CCA1F0100D812C4 /* Preview Assets.xcassets */; };
		5DD845642CCA1F0100D812C4 /* Assets.xcassets in Resources */ = {isa = PBXBuildFile; fileRef = 5DD8455C2CCA1F0100D812C4 /* Assets.xcassets */; };
		5DD845652CCA1F0100D812C4 /* Localizable.xcstrings in Resources */ = {isa = PBXBuildFile; fileRef = 5DD8455E2CCA1F0100D812C4 /* Localizable.xcstrings */; };
		5DD845662CCA1F0100D812C4 /* README.md in Resources */ = {isa = PBXBuildFile; fileRef = 5DD8455F2CCA1F0100D812C4 /* README.md */; };
		5DD845672CCA1F0100D812C4 /* ContentView.swift in Sources */ = {isa = PBXBuildFile; fileRef = 5DD8455D2CCA1F0100D812C4 /* ContentView.swift */; };
		5DD845682CCA1F0100D812C4 /* TravellersBagApp.swift in Sources */ = {isa = PBXBuildFile; fileRef = 5DD845612CCA1F0100D812C4 /* TravellersBagApp.swift */; };
		5DD8456B2CCA1F0C00D812C4 /* TBCoreMain.swift in Sources */ = {isa = PBXBuildFile; fileRef = 5DD845692CCA1F0C00D812C4 /* TBCoreMain.swift */; };
		5DD8456E2CCA21AD00D812C4 /* ConfigHelper.swift in Sources */ = {isa = PBXBuildFile; fileRef = 5DD8456D2CCA21AD00D812C4 /* ConfigHelper.swift */; };
		5DD845712CCA238500D812C4 /* Kingfisher in Frameworks */ = {isa = PBXBuildFile; productRef = 5DD845702CCA238500D812C4 /* Kingfisher */; };
		5DD845742CCA23B600D812C4 /* Zip in Frameworks */ = {isa = PBXBuildFile; productRef = 5DD845732CCA23B600D812C4 /* Zip */; };
		5DD845772CCA23E800D812C4 /* SwiftyJSON in Frameworks */ = {isa = PBXBuildFile; productRef = 5DD845762CCA23E800D812C4 /* SwiftyJSON */; };
		5DD8457A2CCA242C00D812C4 /* AlertToast in Frameworks */ = {isa = PBXBuildFile; productRef = 5DD845792CCA242C00D812C4 /* AlertToast */; };
		5DD8457D2CCA245700D812C4 /* xxHash-Swift in Frameworks */ = {isa = PBXBuildFile; productRef = 5DD8457C2CCA245700D812C4 /* xxHash-Swift */; };
		5DD845802CCA24BB00D812C4 /* Sentry in Frameworks */ = {isa = PBXBuildFile; productRef = 5DD8457F2CCA24BB00D812C4 /* Sentry */; };
/* End PBXBuildFile section */

/* Begin PBXFileReference section */
		5DD845362CCA14E200D812C4 /* TravellersBag.app */ = {isa = PBXFileReference; explicitFileType = wrapper.application; includeInIndex = 0; path = TravellersBag.app; sourceTree = BUILT_PRODUCTS_DIR; };
		5DD845592CCA1F0100D812C4 /* Preview Assets.xcassets */ = {isa = PBXFileReference; lastKnownFileType = folder.assetcatalog; path = "Preview Assets.xcassets"; sourceTree = "<group>"; };
		5DD8455C2CCA1F0100D812C4 /* Assets.xcassets */ = {isa = PBXFileReference; lastKnownFileType = folder.assetcatalog; path = Assets.xcassets; sourceTree = "<group>"; };
		5DD8455D2CCA1F0100D812C4 /* ContentView.swift */ = {isa = PBXFileReference; lastKnownFileType = sourcecode.swift; path = ContentView.swift; sourceTree = "<group>"; };
		5DD8455E2CCA1F0100D812C4 /* Localizable.xcstrings */ = {isa = PBXFileReference; lastKnownFileType = text.json.xcstrings; path = Localizable.xcstrings; sourceTree = "<group>"; };
		5DD8455F2CCA1F0100D812C4 /* README.md */ = {isa = PBXFileReference; lastKnownFileType = net.daringfireball.markdown; path = README.md; sourceTree = "<group>"; };
		5DD845602CCA1F0100D812C4 /* TravellersBag.entitlements */ = {isa = PBXFileReference; lastKnownFileType = text.plist.entitlements; path = TravellersBag.entitlements; sourceTree = "<group>"; };
		5DD845612CCA1F0100D812C4 /* TravellersBagApp.swift */ = {isa = PBXFileReference; lastKnownFileType = sourcecode.swift; path = TravellersBagApp.swift; sourceTree = "<group>"; };
		5DD845692CCA1F0C00D812C4 /* TBCoreMain.swift */ = {isa = PBXFileReference; lastKnownFileType = sourcecode.swift; path = TBCoreMain.swift; sourceTree = "<group>"; };
		5DD8456D2CCA21AD00D812C4 /* ConfigHelper.swift */ = {isa = PBXFileReference; lastKnownFileType = sourcecode.swift; path = ConfigHelper.swift; sourceTree = "<group>"; };
/* End PBXFileReference section */

/* Begin PBXFrameworksBuildPhase section */
		5DD845332CCA14E200D812C4 /* Frameworks */ = {
			isa = PBXFrameworksBuildPhase;
			buildActionMask = 2147483647;
			files = (
				5DD845772CCA23E800D812C4 /* SwiftyJSON in Frameworks */,
				5DD8457A2CCA242C00D812C4 /* AlertToast in Frameworks */,
				5DD8457D2CCA245700D812C4 /* xxHash-Swift in Frameworks */,
				5DD845742CCA23B600D812C4 /* Zip in Frameworks */,
				5DD845712CCA238500D812C4 /* Kingfisher in Frameworks */,
				5DD845802CCA24BB00D812C4 /* Sentry in Frameworks */,
			);
			runOnlyForDeploymentPostprocessing = 0;
		};
/* End PBXFrameworksBuildPhase section */

/* Begin PBXGroup section */
		5DD8452D2CCA14E200D812C4 = {
			isa = PBXGroup;
			children = (
				5DD8456A2CCA1F0C00D812C4 /* TBCore */,
				5DD845622CCA1F0100D812C4 /* TravellersBag */,
				5DD845372CCA14E200D812C4 /* Products */,
			);
			sourceTree = "<group>";
		};
		5DD845372CCA14E200D812C4 /* Products */ = {
			isa = PBXGroup;
			children = (
				5DD845362CCA14E200D812C4 /* TravellersBag.app */,
			);
			name = Products;
			sourceTree = "<group>";
		};
		5DD8455A2CCA1F0100D812C4 /* Preview Content */ = {
			isa = PBXGroup;
			children = (
				5DD845592CCA1F0100D812C4 /* Preview Assets.xcassets */,
			);
			path = "Preview Content";
			sourceTree = "<group>";
		};
		5DD8455B2CCA1F0100D812C4 /* UI */ = {
			isa = PBXGroup;
			children = (
				5DD8455D2CCA1F0100D812C4 /* ContentView.swift */,
			);
			path = UI;
			sourceTree = "<group>";
		};
		5DD845622CCA1F0100D812C4 /* TravellersBag */ = {
			isa = PBXGroup;
			children = (
				5DD8455A2CCA1F0100D812C4 /* Preview Content */,
				5DD8455B2CCA1F0100D812C4 /* UI */,
				5DD8455C2CCA1F0100D812C4 /* Assets.xcassets */,
				5DD8455E2CCA1F0100D812C4 /* Localizable.xcstrings */,
				5DD8455F2CCA1F0100D812C4 /* README.md */,
				5DD845602CCA1F0100D812C4 /* TravellersBag.entitlements */,
				5DD845612CCA1F0100D812C4 /* TravellersBagApp.swift */,
			);
			path = TravellersBag;
			sourceTree = "<group>";
		};
		5DD8456A2CCA1F0C00D812C4 /* TBCore */ = {
			isa = PBXGroup;
			children = (
				5DD8456C2CCA219400D812C4 /* Config */,
				5DD845692CCA1F0C00D812C4 /* TBCoreMain.swift */,
			);
			path = TBCore;
			sourceTree = "<group>";
		};
		5DD8456C2CCA219400D812C4 /* Config */ = {
			isa = PBXGroup;
			children = (
				5DD8456D2CCA21AD00D812C4 /* ConfigHelper.swift */,
			);
			path = Config;
			sourceTree = "<group>";
		};
/* End PBXGroup section */

/* Begin PBXNativeTarget section */
		5DD845352CCA14E200D812C4 /* TravellersBag */ = {
			isa = PBXNativeTarget;
			buildConfigurationList = 5DD845452CCA14E400D812C4 /* Build configuration list for PBXNativeTarget "TravellersBag" */;
			buildPhases = (
				5DD845322CCA14E200D812C4 /* Sources */,
				5DD845332CCA14E200D812C4 /* Frameworks */,
				5DD845342CCA14E200D812C4 /* Resources */,
			);
			buildRules = (
			);
			dependencies = (
			);
			name = TravellersBag;
			packageProductDependencies = (
				5DD845702CCA238500D812C4 /* Kingfisher */,
				5DD845732CCA23B600D812C4 /* Zip */,
				5DD845762CCA23E800D812C4 /* SwiftyJSON */,
				5DD845792CCA242C00D812C4 /* AlertToast */,
				5DD8457C2CCA245700D812C4 /* xxHash-Swift */,
				5DD8457F2CCA24BB00D812C4 /* Sentry */,
			);
			productName = TravellersBag;
			productReference = 5DD845362CCA14E200D812C4 /* TravellersBag.app */;
			productType = "com.apple.product-type.application";
		};
/* End PBXNativeTarget section */

/* Begin PBXProject section */
		5DD8452E2CCA14E200D812C4 /* Project object */ = {
			isa = PBXProject;
			attributes = {
				BuildIndependentTargetsInParallel = 1;
				LastSwiftUpdateCheck = 1600;
				LastUpgradeCheck = 1600;
				TargetAttributes = {
					5DD845352CCA14E200D812C4 = {
						CreatedOnToolsVersion = 16.0;
					};
				};
			};
			buildConfigurationList = 5DD845312CCA14E200D812C4 /* Build configuration list for PBXProject "TravellersBag" */;
			developmentRegion = "zh-Hans";
			hasScannedForEncodings = 0;
			knownRegions = (
				en,
				Base,
				"zh-Hans",
			);
			mainGroup = 5DD8452D2CCA14E200D812C4;
			minimizedProjectReferenceProxies = 1;
			packageReferences = (
				5DD8456F2CCA238500D812C4 /* XCRemoteSwiftPackageReference "Kingfisher" */,
				5DD845722CCA23B600D812C4 /* XCRemoteSwiftPackageReference "Zip" */,
				5DD845752CCA23E800D812C4 /* XCRemoteSwiftPackageReference "SwiftyJSON" */,
				5DD845782CCA242C00D812C4 /* XCRemoteSwiftPackageReference "AlertToast" */,
				5DD8457B2CCA245700D812C4 /* XCRemoteSwiftPackageReference "xxHash-Swift" */,
				5DD8457E2CCA24BB00D812C4 /* XCRemoteSwiftPackageReference "sentry-cocoa" */,
			);
			preferredProjectObjectVersion = 77;
			productRefGroup = 5DD845372CCA14E200D812C4 /* Products */;
			projectDirPath = "";
			projectRoot = "";
			targets = (
				5DD845352CCA14E200D812C4 /* TravellersBag */,
			);
		};
/* End PBXProject section */

/* Begin PBXResourcesBuildPhase section */
		5DD845342CCA14E200D812C4 /* Resources */ = {
			isa = PBXResourcesBuildPhase;
			buildActionMask = 2147483647;
			files = (
				5DD845632CCA1F0100D812C4 /* Preview Assets.xcassets in Resources */,
				5DD845642CCA1F0100D812C4 /* Assets.xcassets in Resources */,
				5DD845652CCA1F0100D812C4 /* Localizable.xcstrings in Resources */,
				5DD845662CCA1F0100D812C4 /* README.md in Resources */,
			);
			runOnlyForDeploymentPostprocessing = 0;
		};
/* End PBXResourcesBuildPhase section */

/* Begin PBXSourcesBuildPhase section */
		5DD845322CCA14E200D812C4 /* Sources */ = {
			isa = PBXSourcesBuildPhase;
			buildActionMask = 2147483647;
			files = (
				5DD845672CCA1F0100D812C4 /* ContentView.swift in Sources */,
				5DD845682CCA1F0100D812C4 /* TravellersBagApp.swift in Sources */,
				5DD8456B2CCA1F0C00D812C4 /* TBCoreMain.swift in Sources */,
				5DD8456E2CCA21AD00D812C4 /* ConfigHelper.swift in Sources */,
			);
			runOnlyForDeploymentPostprocessing = 0;
		};
/* End PBXSourcesBuildPhase section */

/* Begin XCBuildConfiguration section */
		5DD845432CCA14E400D812C4 /* Debug */ = {
			isa = XCBuildConfiguration;
			buildSettings = {
				ALWAYS_SEARCH_USER_PATHS = NO;
				ASSETCATALOG_COMPILER_GENERATE_SWIFT_ASSET_SYMBOL_EXTENSIONS = YES;
				CLANG_ANALYZER_NONNULL = YES;
				CLANG_ANALYZER_NUMBER_OBJECT_CONVERSION = YES_AGGRESSIVE;
				CLANG_CXX_LANGUAGE_STANDARD = "gnu++20";
				CLANG_ENABLE_MODULES = YES;
				CLANG_ENABLE_OBJC_ARC = YES;
				CLANG_ENABLE_OBJC_WEAK = YES;
				CLANG_WARN_BLOCK_CAPTURE_AUTORELEASING = YES;
				CLANG_WARN_BOOL_CONVERSION = YES;
				CLANG_WARN_COMMA = YES;
				CLANG_WARN_CONSTANT_CONVERSION = YES;
				CLANG_WARN_DEPRECATED_OBJC_IMPLEMENTATIONS = YES;
				CLANG_WARN_DIRECT_OBJC_ISA_USAGE = YES_ERROR;
				CLANG_WARN_DOCUMENTATION_COMMENTS = YES;
				CLANG_WARN_EMPTY_BODY = YES;
				CLANG_WARN_ENUM_CONVERSION = YES;
				CLANG_WARN_INFINITE_RECURSION = YES;
				CLANG_WARN_INT_CONVERSION = YES;
				CLANG_WARN_NON_LITERAL_NULL_CONVERSION = YES;
				CLANG_WARN_OBJC_IMPLICIT_RETAIN_SELF = YES;
				CLANG_WARN_OBJC_LITERAL_CONVERSION = YES;
				CLANG_WARN_OBJC_ROOT_CLASS = YES_ERROR;
				CLANG_WARN_QUOTED_INCLUDE_IN_FRAMEWORK_HEADER = YES;
				CLANG_WARN_RANGE_LOOP_ANALYSIS = YES;
				CLANG_WARN_STRICT_PROTOTYPES = YES;
				CLANG_WARN_SUSPICIOUS_MOVE = YES;
				CLANG_WARN_UNGUARDED_AVAILABILITY = YES_AGGRESSIVE;
				CLANG_WARN_UNREACHABLE_CODE = YES;
				CLANG_WARN__DUPLICATE_METHOD_MATCH = YES;
				COPY_PHASE_STRIP = NO;
				DEBUG_INFORMATION_FORMAT = dwarf;
				ENABLE_STRICT_OBJC_MSGSEND = YES;
				ENABLE_TESTABILITY = YES;
				ENABLE_USER_SCRIPT_SANDBOXING = YES;
				GCC_C_LANGUAGE_STANDARD = gnu17;
				GCC_DYNAMIC_NO_PIC = NO;
				GCC_NO_COMMON_BLOCKS = YES;
				GCC_OPTIMIZATION_LEVEL = 0;
				GCC_PREPROCESSOR_DEFINITIONS = (
					"DEBUG=1",
					"$(inherited)",
				);
				GCC_WARN_64_TO_32_BIT_CONVERSION = YES;
				GCC_WARN_ABOUT_RETURN_TYPE = YES_ERROR;
				GCC_WARN_UNDECLARED_SELECTOR = YES;
				GCC_WARN_UNINITIALIZED_AUTOS = YES_AGGRESSIVE;
				GCC_WARN_UNUSED_FUNCTION = YES;
				GCC_WARN_UNUSED_VARIABLE = YES;
				LOCALIZATION_PREFERS_STRING_CATALOGS = YES;
				MACOSX_DEPLOYMENT_TARGET = 14.0;
				MTL_ENABLE_DEBUG_INFO = INCLUDE_SOURCE;
				MTL_FAST_MATH = YES;
				ONLY_ACTIVE_ARCH = YES;
				SDKROOT = macosx;
				SWIFT_ACTIVE_COMPILATION_CONDITIONS = "DEBUG $(inherited)";
				SWIFT_EMIT_LOC_STRINGS = YES;
				SWIFT_OPTIMIZATION_LEVEL = "-Onone";
			};
			name = Debug;
		};
		5DD845442CCA14E400D812C4 /* Release */ = {
			isa = XCBuildConfiguration;
			buildSettings = {
				ALWAYS_SEARCH_USER_PATHS = NO;
				ASSETCATALOG_COMPILER_GENERATE_SWIFT_ASSET_SYMBOL_EXTENSIONS = YES;
				CLANG_ANALYZER_NONNULL = YES;
				CLANG_ANALYZER_NUMBER_OBJECT_CONVERSION = YES_AGGRESSIVE;
				CLANG_CXX_LANGUAGE_STANDARD = "gnu++20";
				CLANG_ENABLE_MODULES = YES;
				CLANG_ENABLE_OBJC_ARC = YES;
				CLANG_ENABLE_OBJC_WEAK = YES;
				CLANG_WARN_BLOCK_CAPTURE_AUTORELEASING = YES;
				CLANG_WARN_BOOL_CONVERSION = YES;
				CLANG_WARN_COMMA = YES;
				CLANG_WARN_CONSTANT_CONVERSION = YES;
				CLANG_WARN_DEPRECATED_OBJC_IMPLEMENTATIONS = YES;
				CLANG_WARN_DIRECT_OBJC_ISA_USAGE = YES_ERROR;
				CLANG_WARN_DOCUMENTATION_COMMENTS = YES;
				CLANG_WARN_EMPTY_BODY = YES;
				CLANG_WARN_ENUM_CONVERSION = YES;
				CLANG_WARN_INFINITE_RECURSION = YES;
				CLANG_WARN_INT_CONVERSION = YES;
				CLANG_WARN_NON_LITERAL_NULL_CONVERSION = YES;
				CLANG_WARN_OBJC_IMPLICIT_RETAIN_SELF = YES;
				CLANG_WARN_OBJC_LITERAL_CONVERSION = YES;
				CLANG_WARN_OBJC_ROOT_CLASS = YES_ERROR;
				CLANG_WARN_QUOTED_INCLUDE_IN_FRAMEWORK_HEADER = YES;
				CLANG_WARN_RANGE_LOOP_ANALYSIS = YES;
				CLANG_WARN_STRICT_PROTOTYPES = YES;
				CLANG_WARN_SUSPICIOUS_MOVE = YES;
				CLANG_WARN_UNGUARDED_AVAILABILITY = YES_AGGRESSIVE;
				CLANG_WARN_UNREACHABLE_CODE = YES;
				CLANG_WARN__DUPLICATE_METHOD_MATCH = YES;
				COPY_PHASE_STRIP = NO;
				DEBUG_INFORMATION_FORMAT = "dwarf-with-dsym";
				ENABLE_NS_ASSERTIONS = NO;
				ENABLE_STRICT_OBJC_MSGSEND = YES;
				ENABLE_USER_SCRIPT_SANDBOXING = YES;
				GCC_C_LANGUAGE_STANDARD = gnu17;
				GCC_NO_COMMON_BLOCKS = YES;
				GCC_WARN_64_TO_32_BIT_CONVERSION = YES;
				GCC_WARN_ABOUT_RETURN_TYPE = YES_ERROR;
				GCC_WARN_UNDECLARED_SELECTOR = YES;
				GCC_WARN_UNINITIALIZED_AUTOS = YES_AGGRESSIVE;
				GCC_WARN_UNUSED_FUNCTION = YES;
				GCC_WARN_UNUSED_VARIABLE = YES;
				LOCALIZATION_PREFERS_STRING_CATALOGS = YES;
				MACOSX_DEPLOYMENT_TARGET = 14.0;
				MTL_ENABLE_DEBUG_INFO = NO;
				MTL_FAST_MATH = YES;
				SDKROOT = macosx;
				SWIFT_COMPILATION_MODE = wholemodule;
				SWIFT_EMIT_LOC_STRINGS = YES;
			};
			name = Release;
		};
		5DD845462CCA14E400D812C4 /* Debug */ = {
			isa = XCBuildConfiguration;
			buildSettings = {
				ASSETCATALOG_COMPILER_APPICON_NAME = AppIcon;
				ASSETCATALOG_COMPILER_GLOBAL_ACCENT_COLOR_NAME = AccentColor;
				CODE_SIGN_ENTITLEMENTS = TravellersBag/TravellersBag.entitlements;
				CODE_SIGN_STYLE = Automatic;
				COMBINE_HIDPI_IMAGES = YES;
				CURRENT_PROJECT_VERSION = 20241024;
				DEVELOPMENT_ASSET_PATHS = "\"TravellersBag/Preview Content\"";
				DEVELOPMENT_TEAM = NV65B8VFUD;
				ENABLE_HARDENED_RUNTIME = YES;
				ENABLE_PREVIEWS = YES;
				GENERATE_INFOPLIST_FILE = YES;
				INFOPLIST_KEY_CFBundleDisplayName = "旅者行囊";
				INFOPLIST_KEY_LSApplicationCategoryType = "public.app-category.utilities";
				INFOPLIST_KEY_NSHumanReadableCopyright = "Copyright © Yuanshine. Listed in \"Project Yuanshine\".";
				LD_RUNPATH_SEARCH_PATHS = (
					"$(inherited)",
					"@executable_path/../Frameworks",
				);
				MACOSX_DEPLOYMENT_TARGET = 14.0;
				MARKETING_VERSION = 0.0.2;
				PRODUCT_BUNDLE_IDENTIFIER = icu.bluedream.TravellersBag;
				PRODUCT_NAME = "$(TARGET_NAME)";
				SWIFT_EMIT_LOC_STRINGS = YES;
				SWIFT_VERSION = 5.0;
			};
			name = Debug;
		};
		5DD845472CCA14E400D812C4 /* Release */ = {
			isa = XCBuildConfiguration;
			buildSettings = {
				ASSETCATALOG_COMPILER_APPICON_NAME = AppIcon;
				ASSETCATALOG_COMPILER_GLOBAL_ACCENT_COLOR_NAME = AccentColor;
				CODE_SIGN_ENTITLEMENTS = TravellersBag/TravellersBag.entitlements;
				CODE_SIGN_STYLE = Automatic;
				COMBINE_HIDPI_IMAGES = YES;
				CURRENT_PROJECT_VERSION = 20241024;
				DEVELOPMENT_ASSET_PATHS = "\"TravellersBag/Preview Content\"";
				DEVELOPMENT_TEAM = NV65B8VFUD;
				ENABLE_HARDENED_RUNTIME = YES;
				ENABLE_PREVIEWS = YES;
				GENERATE_INFOPLIST_FILE = YES;
				INFOPLIST_KEY_CFBundleDisplayName = "旅者行囊";
				INFOPLIST_KEY_LSApplicationCategoryType = "public.app-category.utilities";
				INFOPLIST_KEY_NSHumanReadableCopyright = "Copyright © Yuanshine. Listed in \"Project Yuanshine\".";
				LD_RUNPATH_SEARCH_PATHS = (
					"$(inherited)",
					"@executable_path/../Frameworks",
				);
				MACOSX_DEPLOYMENT_TARGET = 14.0;
				MARKETING_VERSION = 0.0.2;
				PRODUCT_BUNDLE_IDENTIFIER = icu.bluedream.TravellersBag;
				PRODUCT_NAME = "$(TARGET_NAME)";
				SWIFT_EMIT_LOC_STRINGS = YES;
				SWIFT_VERSION = 5.0;
			};
			name = Release;
		};
/* End XCBuildConfiguration section */

/* Begin XCConfigurationList section */
		5DD845312CCA14E200D812C4 /* Build configuration list for PBXProject "TravellersBag" */ = {
			isa = XCConfigurationList;
			buildConfigurations = (
				5DD845432CCA14E400D812C4 /* Debug */,
				5DD845442CCA14E400D812C4 /* Release */,
			);
			defaultConfigurationIsVisible = 0;
			defaultConfigurationName = Release;
		};
		5DD845452CCA14E400D812C4 /* Build configuration list for PBXNativeTarget "TravellersBag" */ = {
			isa = XCConfigurationList;
			buildConfigurations = (
				5DD845462CCA14E400D812C4 /* Debug */,
				5DD845472CCA14E400D812C4 /* Release */,
			);
			defaultConfigurationIsVisible = 0;
			defaultConfigurationName = Release;
		};
/* End XCConfigurationList section */

/* Begin XCRemoteSwiftPackageReference section */
		5DD8456F2CCA238500D812C4 /* XCRemoteSwiftPackageReference "Kingfisher" */ = {
			isa = XCRemoteSwiftPackageReference;
			repositoryURL = "https://github.com/onevcat/Kingfisher.git";
			requirement = {
				kind = upToNextMajorVersion;
				minimumVersion = 8.1.0;
			};
		};
		5DD845722CCA23B600D812C4 /* XCRemoteSwiftPackageReference "Zip" */ = {
			isa = XCRemoteSwiftPackageReference;
			repositoryURL = "https://github.com/marmelroy/Zip.git";
			requirement = {
				kind = upToNextMajorVersion;
				minimumVersion = 2.1.2;
			};
		};
		5DD845752CCA23E800D812C4 /* XCRemoteSwiftPackageReference "SwiftyJSON" */ = {
			isa = XCRemoteSwiftPackageReference;
			repositoryURL = "https://github.com/SwiftyJSON/SwiftyJSON.git";
			requirement = {
				kind = upToNextMajorVersion;
				minimumVersion = 5.0.2;
			};
		};
		5DD845782CCA242C00D812C4 /* XCRemoteSwiftPackageReference "AlertToast" */ = {
			isa = XCRemoteSwiftPackageReference;
			repositoryURL = "https://github.com/elai950/AlertToast.git";
			requirement = {
				kind = upToNextMajorVersion;
				minimumVersion = 1.3.9;
			};
		};
		5DD8457B2CCA245700D812C4 /* XCRemoteSwiftPackageReference "xxHash-Swift" */ = {
			isa = XCRemoteSwiftPackageReference;
			repositoryURL = "https://github.com/daisuke-t-jp/xxHash-Swift.git";
			requirement = {
				kind = upToNextMajorVersion;
				minimumVersion = 1.1.1;
			};
		};
		5DD8457E2CCA24BB00D812C4 /* XCRemoteSwiftPackageReference "sentry-cocoa" */ = {
			isa = XCRemoteSwiftPackageReference;
			repositoryURL = "https://github.com/getsentry/sentry-cocoa";
			requirement = {
				kind = upToNextMajorVersion;
				minimumVersion = 8.38.0;
			};
		};
/* End XCRemoteSwiftPackageReference section */

/* Begin XCSwiftPackageProductDependency section */
		5DD845702CCA238500D812C4 /* Kingfisher */ = {
			isa = XCSwiftPackageProductDependency;
			package = 5DD8456F2CCA238500D812C4 /* XCRemoteSwiftPackageReference "Kingfisher" */;
			productName = Kingfisher;
		};
		5DD845732CCA23B600D812C4 /* Zip */ = {
			isa = XCSwiftPackageProductDependency;
			package = 5DD845722CCA23B600D812C4 /* XCRemoteSwiftPackageReference "Zip" */;
			productName = Zip;
		};
		5DD845762CCA23E800D812C4 /* SwiftyJSON */ = {
			isa = XCSwiftPackageProductDependency;
			package = 5DD845752CCA23E800D812C4 /* XCRemoteSwiftPackageReference "SwiftyJSON" */;
			productName = SwiftyJSON;
		};
		5DD845792CCA242C00D812C4 /* AlertToast */ = {
			isa = XCSwiftPackageProductDependency;
			package = 5DD845782CCA242C00D812C4 /* XCRemoteSwiftPackageReference "AlertToast" */;
			productName = AlertToast;
		};
		5DD8457C2CCA245700D812C4 /* xxHash-Swift */ = {
			isa = XCSwiftPackageProductDependency;
			package = 5DD8457B2CCA245700D812C4 /* XCRemoteSwiftPackageReference "xxHash-Swift" */;
			productName = "xxHash-Swift";
		};
		5DD8457F2CCA24BB00D812C4 /* Sentry */ = {
			isa = XCSwiftPackageProductDependency;
			package = 5DD8457E2CCA24BB00D812C4 /* XCRemoteSwiftPackageReference "sentry-cocoa" */;
			productName = Sentry;
		};
/* End XCSwiftPackageProductDependency section */
	};
	rootObject = 5DD8452E2CCA14E200D812C4 /* Project object */;
}
