// !$*UTF8*$!
{
	archiveVersion = 1;
	classes = {
	};
	objectVersion = 77;
	objects = {

/* Begin PBXBuildFile section */
		5DDD25152CCD4D7C00DE50B1 /* Zip in Frameworks */ = {isa = PBXBuildFile; productRef = 5DDD25142CCD4D7C00DE50B1 /* Zip */; };
		5DDD25182CCD4DB100DE50B1 /* SwiftyJSON in Frameworks */ = {isa = PBXBuildFile; productRef = 5DDD25172CCD4DB100DE50B1 /* SwiftyJSON */; };
		5DDD251B2CCD4DDE00DE50B1 /* xxHash-Swift in Frameworks */ = {isa = PBXBuildFile; productRef = 5DDD251A2CCD4DDE00DE50B1 /* xxHash-Swift */; };
		5DDD251E2CCD4E6F00DE50B1 /* AlertToast in Frameworks */ = {isa = PBXBuildFile; productRef = 5DDD251D2CCD4E6F00DE50B1 /* AlertToast */; };
		5DDD25212CCD4ED500DE50B1 /* Kingfisher in Frameworks */ = {isa = PBXBuildFile; productRef = 5DDD25202CCD4ED500DE50B1 /* Kingfisher */; };
/* End PBXBuildFile section */

/* Begin PBXFileReference section */
		5DDD23F22CCD161200DE50B1 /* TravellersBag.app */ = {isa = PBXFileReference; explicitFileType = wrapper.application; includeInIndex = 0; path = TravellersBag.app; sourceTree = BUILT_PRODUCTS_DIR; };
/* End PBXFileReference section */

/* Begin PBXFileSystemSynchronizedRootGroup section */
		5DDD23F42CCD161200DE50B1 /* TravellersBag */ = {
			isa = PBXFileSystemSynchronizedRootGroup;
			path = TravellersBag;
			sourceTree = "<group>";
		};
		5DDD261D2CCD501000DE50B1 /* TBCore */ = {
			isa = PBXFileSystemSynchronizedRootGroup;
			path = TBCore;
			sourceTree = "<group>";
		};
/* End PBXFileSystemSynchronizedRootGroup section */

/* Begin PBXFrameworksBuildPhase section */
		5DDD23EF2CCD161200DE50B1 /* Frameworks */ = {
			isa = PBXFrameworksBuildPhase;
			buildActionMask = 2147483647;
			files = (
				5DDD25182CCD4DB100DE50B1 /* SwiftyJSON in Frameworks */,
				5DDD251E2CCD4E6F00DE50B1 /* AlertToast in Frameworks */,
				5DDD25152CCD4D7C00DE50B1 /* Zip in Frameworks */,
				5DDD251B2CCD4DDE00DE50B1 /* xxHash-Swift in Frameworks */,
				5DDD25212CCD4ED500DE50B1 /* Kingfisher in Frameworks */,
			);
			runOnlyForDeploymentPostprocessing = 0;
		};
/* End PBXFrameworksBuildPhase section */

/* Begin PBXGroup section */
		5DDD23E92CCD161200DE50B1 = {
			isa = PBXGroup;
			children = (
				5DDD261D2CCD501000DE50B1 /* TBCore */,
				5DDD23F42CCD161200DE50B1 /* TravellersBag */,
				5DDD23F32CCD161200DE50B1 /* Products */,
			);
			sourceTree = "<group>";
		};
		5DDD23F32CCD161200DE50B1 /* Products */ = {
			isa = PBXGroup;
			children = (
				5DDD23F22CCD161200DE50B1 /* TravellersBag.app */,
			);
			name = Products;
			sourceTree = "<group>";
		};
/* End PBXGroup section */

/* Begin PBXNativeTarget section */
		5DDD23F12CCD161200DE50B1 /* TravellersBag */ = {
			isa = PBXNativeTarget;
			buildConfigurationList = 5DDD24012CCD161400DE50B1 /* Build configuration list for PBXNativeTarget "TravellersBag" */;
			buildPhases = (
				5DDD23EE2CCD161200DE50B1 /* Sources */,
				5DDD23EF2CCD161200DE50B1 /* Frameworks */,
				5DDD23F02CCD161200DE50B1 /* Resources */,
			);
			buildRules = (
			);
			dependencies = (
			);
			fileSystemSynchronizedGroups = (
				5DDD23F42CCD161200DE50B1 /* TravellersBag */,
				5DDD261D2CCD501000DE50B1 /* TBCore */,
			);
			name = TravellersBag;
			packageProductDependencies = (
				5DDD25142CCD4D7C00DE50B1 /* Zip */,
				5DDD25172CCD4DB100DE50B1 /* SwiftyJSON */,
				5DDD251A2CCD4DDE00DE50B1 /* xxHash-Swift */,
				5DDD251D2CCD4E6F00DE50B1 /* AlertToast */,
				5DDD25202CCD4ED500DE50B1 /* Kingfisher */,
			);
			productName = TravellersBag;
			productReference = 5DDD23F22CCD161200DE50B1 /* TravellersBag.app */;
			productType = "com.apple.product-type.application";
		};
/* End PBXNativeTarget section */

/* Begin PBXProject section */
		5DDD23EA2CCD161200DE50B1 /* Project object */ = {
			isa = PBXProject;
			attributes = {
				BuildIndependentTargetsInParallel = 1;
				LastSwiftUpdateCheck = 1600;
				LastUpgradeCheck = 1600;
				TargetAttributes = {
					5DDD23F12CCD161200DE50B1 = {
						CreatedOnToolsVersion = 16.0;
					};
				};
			};
			buildConfigurationList = 5DDD23ED2CCD161200DE50B1 /* Build configuration list for PBXProject "TravellersBag" */;
			developmentRegion = "zh-Hans";
			hasScannedForEncodings = 0;
			knownRegions = (
				en,
				Base,
				"zh-Hans",
			);
			mainGroup = 5DDD23E92CCD161200DE50B1;
			minimizedProjectReferenceProxies = 1;
			packageReferences = (
				5DDD25132CCD4D7C00DE50B1 /* XCRemoteSwiftPackageReference "Zip" */,
				5DDD25162CCD4DB100DE50B1 /* XCRemoteSwiftPackageReference "SwiftyJSON" */,
				5DDD25192CCD4DDE00DE50B1 /* XCRemoteSwiftPackageReference "xxHash-Swift" */,
				5DDD251C2CCD4E6F00DE50B1 /* XCRemoteSwiftPackageReference "AlertToast" */,
				5DDD251F2CCD4ED500DE50B1 /* XCRemoteSwiftPackageReference "Kingfisher" */,
			);
			preferredProjectObjectVersion = 77;
			productRefGroup = 5DDD23F32CCD161200DE50B1 /* Products */;
			projectDirPath = "";
			projectRoot = "";
			targets = (
				5DDD23F12CCD161200DE50B1 /* TravellersBag */,
			);
		};
/* End PBXProject section */

/* Begin PBXResourcesBuildPhase section */
		5DDD23F02CCD161200DE50B1 /* Resources */ = {
			isa = PBXResourcesBuildPhase;
			buildActionMask = 2147483647;
			files = (
			);
			runOnlyForDeploymentPostprocessing = 0;
		};
/* End PBXResourcesBuildPhase section */

/* Begin PBXSourcesBuildPhase section */
		5DDD23EE2CCD161200DE50B1 /* Sources */ = {
			isa = PBXSourcesBuildPhase;
			buildActionMask = 2147483647;
			files = (
			);
			runOnlyForDeploymentPostprocessing = 0;
		};
/* End PBXSourcesBuildPhase section */

/* Begin XCBuildConfiguration section */
		5DDD23FF2CCD161400DE50B1 /* Debug */ = {
			isa = XCBuildConfiguration;
			buildSettings = {
				ALWAYS_SEARCH_USER_PATHS = NO;
				ASSETCATALOG_COMPILER_GENERATE_SWIFT_ASSET_SYMBOL_EXTENSIONS = YES;
				CLANG_ANALYZER_NONNULL = YES;
				CLANG_ANALYZER_NUMBER_OBJECT_CONVERSION = YES_AGGRESSIVE;
				CLANG_CXX_LANGUAGE_STANDARD = "gnu++20";
				CLANG_ENABLE_MODULES = YES;
				CLANG_ENABLE_OBJC_ARC = YES;
				CLANG_ENABLE_OBJC_WEAK = YES;
				CLANG_WARN_BLOCK_CAPTURE_AUTORELEASING = YES;
				CLANG_WARN_BOOL_CONVERSION = YES;
				CLANG_WARN_COMMA = YES;
				CLANG_WARN_CONSTANT_CONVERSION = YES;
				CLANG_WARN_DEPRECATED_OBJC_IMPLEMENTATIONS = YES;
				CLANG_WARN_DIRECT_OBJC_ISA_USAGE = YES_ERROR;
				CLANG_WARN_DOCUMENTATION_COMMENTS = YES;
				CLANG_WARN_EMPTY_BODY = YES;
				CLANG_WARN_ENUM_CONVERSION = YES;
				CLANG_WARN_INFINITE_RECURSION = YES;
				CLANG_WARN_INT_CONVERSION = YES;
				CLANG_WARN_NON_LITERAL_NULL_CONVERSION = YES;
				CLANG_WARN_OBJC_IMPLICIT_RETAIN_SELF = YES;
				CLANG_WARN_OBJC_LITERAL_CONVERSION = YES;
				CLANG_WARN_OBJC_ROOT_CLASS = YES_ERROR;
				CLANG_WARN_QUOTED_INCLUDE_IN_FRAMEWORK_HEADER = YES;
				CLANG_WARN_RANGE_LOOP_ANALYSIS = YES;
				CLANG_WARN_STRICT_PROTOTYPES = YES;
				CLANG_WARN_SUSPICIOUS_MOVE = YES;
				CLANG_WARN_UNGUARDED_AVAILABILITY = YES_AGGRESSIVE;
				CLANG_WARN_UNREACHABLE_CODE = YES;
				CLANG_WARN__DUPLICATE_METHOD_MATCH = YES;
				COPY_PHASE_STRIP = NO;
				DEBUG_INFORMATION_FORMAT = dwarf;
				ENABLE_STRICT_OBJC_MSGSEND = YES;
				ENABLE_TESTABILITY = YES;
				ENABLE_USER_SCRIPT_SANDBOXING = YES;
				GCC_C_LANGUAGE_STANDARD = gnu17;
				GCC_DYNAMIC_NO_PIC = NO;
				GCC_NO_COMMON_BLOCKS = YES;
				GCC_OPTIMIZATION_LEVEL = 0;
				GCC_PREPROCESSOR_DEFINITIONS = (
					"DEBUG=1",
					"$(inherited)",
				);
				GCC_WARN_64_TO_32_BIT_CONVERSION = YES;
				GCC_WARN_ABOUT_RETURN_TYPE = YES_ERROR;
				GCC_WARN_UNDECLARED_SELECTOR = YES;
				GCC_WARN_UNINITIALIZED_AUTOS = YES_AGGRESSIVE;
				GCC_WARN_UNUSED_FUNCTION = YES;
				GCC_WARN_UNUSED_VARIABLE = YES;
				LOCALIZATION_PREFERS_STRING_CATALOGS = YES;
				MACOSX_DEPLOYMENT_TARGET = 14.0;
				MTL_ENABLE_DEBUG_INFO = INCLUDE_SOURCE;
				MTL_FAST_MATH = YES;
				ONLY_ACTIVE_ARCH = YES;
				SDKROOT = macosx;
				SWIFT_ACTIVE_COMPILATION_CONDITIONS = "DEBUG $(inherited)";
				SWIFT_OPTIMIZATION_LEVEL = "-Onone";
			};
			name = Debug;
		};
		5DDD24002CCD161400DE50B1 /* Release */ = {
			isa = XCBuildConfiguration;
			buildSettings = {
				ALWAYS_SEARCH_USER_PATHS = NO;
				ASSETCATALOG_COMPILER_GENERATE_SWIFT_ASSET_SYMBOL_EXTENSIONS = YES;
				CLANG_ANALYZER_NONNULL = YES;
				CLANG_ANALYZER_NUMBER_OBJECT_CONVERSION = YES_AGGRESSIVE;
				CLANG_CXX_LANGUAGE_STANDARD = "gnu++20";
				CLANG_ENABLE_MODULES = YES;
				CLANG_ENABLE_OBJC_ARC = YES;
				CLANG_ENABLE_OBJC_WEAK = YES;
				CLANG_WARN_BLOCK_CAPTURE_AUTORELEASING = YES;
				CLANG_WARN_BOOL_CONVERSION = YES;
				CLANG_WARN_COMMA = YES;
				CLANG_WARN_CONSTANT_CONVERSION = YES;
				CLANG_WARN_DEPRECATED_OBJC_IMPLEMENTATIONS = YES;
				CLANG_WARN_DIRECT_OBJC_ISA_USAGE = YES_ERROR;
				CLANG_WARN_DOCUMENTATION_COMMENTS = YES;
				CLANG_WARN_EMPTY_BODY = YES;
				CLANG_WARN_ENUM_CONVERSION = YES;
				CLANG_WARN_INFINITE_RECURSION = YES;
				CLANG_WARN_INT_CONVERSION = YES;
				CLANG_WARN_NON_LITERAL_NULL_CONVERSION = YES;
				CLANG_WARN_OBJC_IMPLICIT_RETAIN_SELF = YES;
				CLANG_WARN_OBJC_LITERAL_CONVERSION = YES;
				CLANG_WARN_OBJC_ROOT_CLASS = YES_ERROR;
				CLANG_WARN_QUOTED_INCLUDE_IN_FRAMEWORK_HEADER = YES;
				CLANG_WARN_RANGE_LOOP_ANALYSIS = YES;
				CLANG_WARN_STRICT_PROTOTYPES = YES;
				CLANG_WARN_SUSPICIOUS_MOVE = YES;
				CLANG_WARN_UNGUARDED_AVAILABILITY = YES_AGGRESSIVE;
				CLANG_WARN_UNREACHABLE_CODE = YES;
				CLANG_WARN__DUPLICATE_METHOD_MATCH = YES;
				COPY_PHASE_STRIP = NO;
				DEBUG_INFORMATION_FORMAT = "dwarf-with-dsym";
				ENABLE_NS_ASSERTIONS = NO;
				ENABLE_STRICT_OBJC_MSGSEND = YES;
				ENABLE_USER_SCRIPT_SANDBOXING = YES;
				GCC_C_LANGUAGE_STANDARD = gnu17;
				GCC_NO_COMMON_BLOCKS = YES;
				GCC_WARN_64_TO_32_BIT_CONVERSION = YES;
				GCC_WARN_ABOUT_RETURN_TYPE = YES_ERROR;
				GCC_WARN_UNDECLARED_SELECTOR = YES;
				GCC_WARN_UNINITIALIZED_AUTOS = YES_AGGRESSIVE;
				GCC_WARN_UNUSED_FUNCTION = YES;
				GCC_WARN_UNUSED_VARIABLE = YES;
				LOCALIZATION_PREFERS_STRING_CATALOGS = YES;
				MACOSX_DEPLOYMENT_TARGET = 14.0;
				MTL_ENABLE_DEBUG_INFO = NO;
				MTL_FAST_MATH = YES;
				SDKROOT = macosx;
				SWIFT_COMPILATION_MODE = wholemodule;
			};
			name = Release;
		};
		5DDD24022CCD161400DE50B1 /* Debug */ = {
			isa = XCBuildConfiguration;
			buildSettings = {
				ASSETCATALOG_COMPILER_APPICON_NAME = AppIcon;
				ASSETCATALOG_COMPILER_GLOBAL_ACCENT_COLOR_NAME = AccentColor;
				CODE_SIGN_ENTITLEMENTS = TravellersBag/TravellersBag.entitlements;
				CODE_SIGN_STYLE = Automatic;
				COMBINE_HIDPI_IMAGES = YES;
				CURRENT_PROJECT_VERSION = 20241023;
				DEVELOPMENT_ASSET_PATHS = "\"TravellersBag/Preview Content\"";
				DEVELOPMENT_TEAM = NV65B8VFUD;
				ENABLE_HARDENED_RUNTIME = YES;
				ENABLE_PREVIEWS = YES;
				GENERATE_INFOPLIST_FILE = YES;
				INFOPLIST_KEY_CFBundleDisplayName = "旅者行囊";
				INFOPLIST_KEY_LSApplicationCategoryType = "public.app-category.utilities";
				INFOPLIST_KEY_NSHumanReadableCopyright = "Copyright © Yuanshine. Listed in \"Project Yuanshine\".";
				LD_RUNPATH_SEARCH_PATHS = (
					"$(inherited)",
					"@executable_path/../Frameworks",
				);
				MACOSX_DEPLOYMENT_TARGET = 14.0;
				MARKETING_VERSION = 0.0.2;
				PRODUCT_BUNDLE_IDENTIFIER = icu.bluedream.TravellersBag;
				PRODUCT_NAME = "$(TARGET_NAME)";
				SWIFT_EMIT_LOC_STRINGS = YES;
				SWIFT_VERSION = 5.0;
			};
			name = Debug;
		};
		5DDD24032CCD161400DE50B1 /* Release */ = {
			isa = XCBuildConfiguration;
			buildSettings = {
				ASSETCATALOG_COMPILER_APPICON_NAME = AppIcon;
				ASSETCATALOG_COMPILER_GLOBAL_ACCENT_COLOR_NAME = AccentColor;
				CODE_SIGN_ENTITLEMENTS = TravellersBag/TravellersBag.entitlements;
				CODE_SIGN_STYLE = Automatic;
				COMBINE_HIDPI_IMAGES = YES;
				CURRENT_PROJECT_VERSION = 20241023;
				DEVELOPMENT_ASSET_PATHS = "\"TravellersBag/Preview Content\"";
				DEVELOPMENT_TEAM = NV65B8VFUD;
				ENABLE_HARDENED_RUNTIME = YES;
				ENABLE_PREVIEWS = YES;
				GENERATE_INFOPLIST_FILE = YES;
				INFOPLIST_KEY_CFBundleDisplayName = "旅者行囊";
				INFOPLIST_KEY_LSApplicationCategoryType = "public.app-category.utilities";
				INFOPLIST_KEY_NSHumanReadableCopyright = "Copyright © Yuanshine. Listed in \"Project Yuanshine\".";
				LD_RUNPATH_SEARCH_PATHS = (
					"$(inherited)",
					"@executable_path/../Frameworks",
				);
				MACOSX_DEPLOYMENT_TARGET = 14.0;
				MARKETING_VERSION = 0.0.2;
				PRODUCT_BUNDLE_IDENTIFIER = icu.bluedream.TravellersBag;
				PRODUCT_NAME = "$(TARGET_NAME)";
				SWIFT_EMIT_LOC_STRINGS = YES;
				SWIFT_VERSION = 5.0;
			};
			name = Release;
		};
/* End XCBuildConfiguration section */

/* Begin XCConfigurationList section */
		5DDD23ED2CCD161200DE50B1 /* Build configuration list for PBXProject "TravellersBag" */ = {
			isa = XCConfigurationList;
			buildConfigurations = (
				5DDD23FF2CCD161400DE50B1 /* Debug */,
				5DDD24002CCD161400DE50B1 /* Release */,
			);
			defaultConfigurationIsVisible = 0;
			defaultConfigurationName = Release;
		};
		5DDD24012CCD161400DE50B1 /* Build configuration list for PBXNativeTarget "TravellersBag" */ = {
			isa = XCConfigurationList;
			buildConfigurations = (
				5DDD24022CCD161400DE50B1 /* Debug */,
				5DDD24032CCD161400DE50B1 /* Release */,
			);
			defaultConfigurationIsVisible = 0;
			defaultConfigurationName = Release;
		};
/* End XCConfigurationList section */

/* Begin XCRemoteSwiftPackageReference section */
		5DDD25132CCD4D7C00DE50B1 /* XCRemoteSwiftPackageReference "Zip" */ = {
			isa = XCRemoteSwiftPackageReference;
			repositoryURL = "https://github.com/marmelroy/Zip.git";
			requirement = {
				kind = upToNextMajorVersion;
				minimumVersion = 2.1.2;
			};
		};
		5DDD25162CCD4DB100DE50B1 /* XCRemoteSwiftPackageReference "SwiftyJSON" */ = {
			isa = XCRemoteSwiftPackageReference;
			repositoryURL = "https://github.com/SwiftyJSON/SwiftyJSON.git";
			requirement = {
				kind = upToNextMajorVersion;
				minimumVersion = 5.0.2;
			};
		};
		5DDD25192CCD4DDE00DE50B1 /* XCRemoteSwiftPackageReference "xxHash-Swift" */ = {
			isa = XCRemoteSwiftPackageReference;
			repositoryURL = "https://github.com/daisuke-t-jp/xxHash-Swift.git";
			requirement = {
				kind = upToNextMajorVersion;
				minimumVersion = 1.1.1;
			};
		};
		5DDD251C2CCD4E6F00DE50B1 /* XCRemoteSwiftPackageReference "AlertToast" */ = {
			isa = XCRemoteSwiftPackageReference;
			repositoryURL = "https://github.com/elai950/AlertToast.git";
			requirement = {
				branch = master;
				kind = branch;
			};
		};
		5DDD251F2CCD4ED500DE50B1 /* XCRemoteSwiftPackageReference "Kingfisher" */ = {
			isa = XCRemoteSwiftPackageReference;
			repositoryURL = "https://github.com/onevcat/Kingfisher.git";
			requirement = {
				kind = upToNextMajorVersion;
				minimumVersion = 8.1.0;
			};
		};
/* End XCRemoteSwiftPackageReference section */

/* Begin XCSwiftPackageProductDependency section */
		5DDD25142CCD4D7C00DE50B1 /* Zip */ = {
			isa = XCSwiftPackageProductDependency;
			package = 5DDD25132CCD4D7C00DE50B1 /* XCRemoteSwiftPackageReference "Zip" */;
			productName = Zip;
		};
		5DDD25172CCD4DB100DE50B1 /* SwiftyJSON */ = {
			isa = XCSwiftPackageProductDependency;
			package = 5DDD25162CCD4DB100DE50B1 /* XCRemoteSwiftPackageReference "SwiftyJSON" */;
			productName = SwiftyJSON;
		};
		5DDD251A2CCD4DDE00DE50B1 /* xxHash-Swift */ = {
			isa = XCSwiftPackageProductDependency;
			package = 5DDD25192CCD4DDE00DE50B1 /* XCRemoteSwiftPackageReference "xxHash-Swift" */;
			productName = "xxHash-Swift";
		};
		5DDD251D2CCD4E6F00DE50B1 /* AlertToast */ = {
			isa = XCSwiftPackageProductDependency;
			package = 5DDD251C2CCD4E6F00DE50B1 /* XCRemoteSwiftPackageReference "AlertToast" */;
			productName = AlertToast;
		};
		5DDD25202CCD4ED500DE50B1 /* Kingfisher */ = {
			isa = XCSwiftPackageProductDependency;
			package = 5DDD251F2CCD4ED500DE50B1 /* XCRemoteSwiftPackageReference "Kingfisher" */;
			productName = Kingfisher;
		};
/* End XCSwiftPackageProductDependency section */
	};
	rootObject = 5DDD23EA2CCD161200DE50B1 /* Project object */;
}
